// !$*UTF8*$!
{
	archiveVersion = 1;
	classes = {
	};
	objectVersion = 51;
	objects = {

/* Begin PBXBuildFile section */
		7CC0C723BB58EDB2330E1625 /* Pods_RubyfullUITests.framework in Frameworks */ = {isa = PBXBuildFile; fileRef = CB364C7A8C7F398217C43D60 /* Pods_RubyfullUITests.framework */; };
		7D3F3649BE3154BAD641D886 /* Pods_RubyfullTests.framework in Frameworks */ = {isa = PBXBuildFile; fileRef = 419BA027FAC962FDBBFBFD88 /* Pods_RubyfullTests.framework */; };
		C32CA4D023BA0DBF00089FD8 /* ResultViewController.swift in Sources */ = {isa = PBXBuildFile; fileRef = C32CA4CF23BA0DBF00089FD8 /* ResultViewController.swift */; };
		C363BE1F23B3C0CB001776D9 /* AppDelegate.swift in Sources */ = {isa = PBXBuildFile; fileRef = C363BE1E23B3C0CB001776D9 /* AppDelegate.swift */; };
		C363BE2123B3C0CB001776D9 /* SceneDelegate.swift in Sources */ = {isa = PBXBuildFile; fileRef = C363BE2023B3C0CB001776D9 /* SceneDelegate.swift */; };
		C363BE2323B3C0CB001776D9 /* MainViewController.swift in Sources */ = {isa = PBXBuildFile; fileRef = C363BE2223B3C0CB001776D9 /* MainViewController.swift */; };
		C363BE2623B3C0CB001776D9 /* Main.storyboard in Resources */ = {isa = PBXBuildFile; fileRef = C363BE2423B3C0CB001776D9 /* Main.storyboard */; };
		C363BE2823B3C0CD001776D9 /* Assets.xcassets in Resources */ = {isa = PBXBuildFile; fileRef = C363BE2723B3C0CD001776D9 /* Assets.xcassets */; };
		C363BE2B23B3C0CD001776D9 /* LaunchScreen.storyboard in Resources */ = {isa = PBXBuildFile; fileRef = C363BE2923B3C0CD001776D9 /* LaunchScreen.storyboard */; };
		C363BE3623B3C0CD001776D9 /* RubyfullTests.swift in Sources */ = {isa = PBXBuildFile; fileRef = C363BE3523B3C0CD001776D9 /* RubyfullTests.swift */; };
		C363BE4123B3C0CD001776D9 /* RubyfullUITests.swift in Sources */ = {isa = PBXBuildFile; fileRef = C363BE4023B3C0CD001776D9 /* RubyfullUITests.swift */; };
		C363BE5323B3C254001776D9 /* TextDataModel.swift in Sources */ = {isa = PBXBuildFile; fileRef = C363BE5223B3C254001776D9 /* TextDataModel.swift */; };
		C363BE5523B3C26A001776D9 /* Constants.swift in Sources */ = {isa = PBXBuildFile; fileRef = C363BE5423B3C26A001776D9 /* Constants.swift */; };
		C363BE5823B3C292001776D9 /* APIClient.swift in Sources */ = {isa = PBXBuildFile; fileRef = C363BE5723B3C292001776D9 /* APIClient.swift */; };
		FF1F19B1338B5DF3919F394F /* Pods_Rubyfull.framework in Frameworks */ = {isa = PBXBuildFile; fileRef = 01EE997A2FF8C5B506559E77 /* Pods_Rubyfull.framework */; };
/* End PBXBuildFile section */

/* Begin PBXContainerItemProxy section */
		C363BE3223B3C0CD001776D9 /* PBXContainerItemProxy */ = {
			isa = PBXContainerItemProxy;
			containerPortal = C363BE1323B3C0CB001776D9 /* Project object */;
			proxyType = 1;
			remoteGlobalIDString = C363BE1A23B3C0CB001776D9;
			remoteInfo = Rubyfull;
		};
		C363BE3D23B3C0CD001776D9 /* PBXContainerItemProxy */ = {
			isa = PBXContainerItemProxy;
			containerPortal = C363BE1323B3C0CB001776D9 /* Project object */;
			proxyType = 1;
			remoteGlobalIDString = C363BE1A23B3C0CB001776D9;
			remoteInfo = Rubyfull;
		};
/* End PBXContainerItemProxy section */

/* Begin PBXFileReference section */
		01EE997A2FF8C5B506559E77 /* Pods_Rubyfull.framework */ = {isa = PBXFileReference; explicitFileType = wrapper.framework; includeInIndex = 0; path = Pods_Rubyfull.framework; sourceTree = BUILT_PRODUCTS_DIR; };
		3B5EC9046046BB910B790F44 /* Pods-Rubyfull.release.xcconfig */ = {isa = PBXFileReference; includeInIndex = 1; lastKnownFileType = text.xcconfig; name = "Pods-Rubyfull.release.xcconfig"; path = "Target Support Files/Pods-Rubyfull/Pods-Rubyfull.release.xcconfig"; sourceTree = "<group>"; };
		419BA027FAC962FDBBFBFD88 /* Pods_RubyfullTests.framework */ = {isa = PBXFileReference; explicitFileType = wrapper.framework; includeInIndex = 0; path = Pods_RubyfullTests.framework; sourceTree = BUILT_PRODUCTS_DIR; };
		47FE29A52DA6DD76187C201C /* Pods-RubyfullTests.debug.xcconfig */ = {isa = PBXFileReference; includeInIndex = 1; lastKnownFileType = text.xcconfig; name = "Pods-RubyfullTests.debug.xcconfig"; path = "Target Support Files/Pods-RubyfullTests/Pods-RubyfullTests.debug.xcconfig"; sourceTree = "<group>"; };
		B0774241D898ACD563552AF2 /* Pods-Rubyfull.debug.xcconfig */ = {isa = PBXFileReference; includeInIndex = 1; lastKnownFileType = text.xcconfig; name = "Pods-Rubyfull.debug.xcconfig"; path = "Target Support Files/Pods-Rubyfull/Pods-Rubyfull.debug.xcconfig"; sourceTree = "<group>"; };
		C32CA4CF23BA0DBF00089FD8 /* ResultViewController.swift */ = {isa = PBXFileReference; lastKnownFileType = sourcecode.swift; path = ResultViewController.swift; sourceTree = "<group>"; };
		C363BE1B23B3C0CB001776D9 /* Rubyfull.app */ = {isa = PBXFileReference; explicitFileType = wrapper.application; includeInIndex = 0; path = Rubyfull.app; sourceTree = BUILT_PRODUCTS_DIR; };
		C363BE1E23B3C0CB001776D9 /* AppDelegate.swift */ = {isa = PBXFileReference; lastKnownFileType = sourcecode.swift; path = AppDelegate.swift; sourceTree = "<group>"; };
		C363BE2023B3C0CB001776D9 /* SceneDelegate.swift */ = {isa = PBXFileReference; lastKnownFileType = sourcecode.swift; path = SceneDelegate.swift; sourceTree = "<group>"; };
		C363BE2223B3C0CB001776D9 /* MainViewController.swift */ = {isa = PBXFileReference; lastKnownFileType = sourcecode.swift; path = MainViewController.swift; sourceTree = "<group>"; };
		C363BE2523B3C0CB001776D9 /* Base */ = {isa = PBXFileReference; lastKnownFileType = file.storyboard; name = Base; path = Base.lproj/Main.storyboard; sourceTree = "<group>"; };
		C363BE2723B3C0CD001776D9 /* Assets.xcassets */ = {isa = PBXFileReference; lastKnownFileType = folder.assetcatalog; path = Assets.xcassets; sourceTree = "<group>"; };
		C363BE2A23B3C0CD001776D9 /* Base */ = {isa = PBXFileReference; lastKnownFileType = file.storyboard; name = Base; path = Base.lproj/LaunchScreen.storyboard; sourceTree = "<group>"; };
		C363BE2C23B3C0CD001776D9 /* Info.plist */ = {isa = PBXFileReference; lastKnownFileType = text.plist.xml; path = Info.plist; sourceTree = "<group>"; };
		C363BE3123B3C0CD001776D9 /* RubyfullTests.xctest */ = {isa = PBXFileReference; explicitFileType = wrapper.cfbundle; includeInIndex = 0; path = RubyfullTests.xctest; sourceTree = BUILT_PRODUCTS_DIR; };
		C363BE3523B3C0CD001776D9 /* RubyfullTests.swift */ = {isa = PBXFileReference; lastKnownFileType = sourcecode.swift; path = RubyfullTests.swift; sourceTree = "<group>"; };
		C363BE3723B3C0CD001776D9 /* Info.plist */ = {isa = PBXFileReference; lastKnownFileType = text.plist.xml; path = Info.plist; sourceTree = "<group>"; };
		C363BE3C23B3C0CD001776D9 /* RubyfullUITests.xctest */ = {isa = PBXFileReference; explicitFileType = wrapper.cfbundle; includeInIndex = 0; path = RubyfullUITests.xctest; sourceTree = BUILT_PRODUCTS_DIR; };
		C363BE4023B3C0CD001776D9 /* RubyfullUITests.swift */ = {isa = PBXFileReference; lastKnownFileType = sourcecode.swift; path = RubyfullUITests.swift; sourceTree = "<group>"; };
		C363BE4223B3C0CD001776D9 /* Info.plist */ = {isa = PBXFileReference; lastKnownFileType = text.plist.xml; path = Info.plist; sourceTree = "<group>"; };
		C363BE5223B3C254001776D9 /* TextDataModel.swift */ = {isa = PBXFileReference; lastKnownFileType = sourcecode.swift; path = TextDataModel.swift; sourceTree = "<group>"; };
		C363BE5423B3C26A001776D9 /* Constants.swift */ = {isa = PBXFileReference; lastKnownFileType = sourcecode.swift; path = Constants.swift; sourceTree = "<group>"; };
		C363BE5723B3C292001776D9 /* APIClient.swift */ = {isa = PBXFileReference; lastKnownFileType = sourcecode.swift; path = APIClient.swift; sourceTree = "<group>"; };
		CB364C7A8C7F398217C43D60 /* Pods_RubyfullUITests.framework */ = {isa = PBXFileReference; explicitFileType = wrapper.framework; includeInIndex = 0; path = Pods_RubyfullUITests.framework; sourceTree = BUILT_PRODUCTS_DIR; };
		D1850E196200A36319903B7B /* Pods-RubyfullUITests.release.xcconfig */ = {isa = PBXFileReference; includeInIndex = 1; lastKnownFileType = text.xcconfig; name = "Pods-RubyfullUITests.release.xcconfig"; path = "Target Support Files/Pods-RubyfullUITests/Pods-RubyfullUITests.release.xcconfig"; sourceTree = "<group>"; };
		F6046265B1EEC453DF1974D2 /* Pods-RubyfullTests.release.xcconfig */ = {isa = PBXFileReference; includeInIndex = 1; lastKnownFileType = text.xcconfig; name = "Pods-RubyfullTests.release.xcconfig"; path = "Target Support Files/Pods-RubyfullTests/Pods-RubyfullTests.release.xcconfig"; sourceTree = "<group>"; };
		F78931F87E7D9F005DAE3DE1 /* Pods-RubyfullUITests.debug.xcconfig */ = {isa = PBXFileReference; includeInIndex = 1; lastKnownFileType = text.xcconfig; name = "Pods-RubyfullUITests.debug.xcconfig"; path = "Target Support Files/Pods-RubyfullUITests/Pods-RubyfullUITests.debug.xcconfig"; sourceTree = "<group>"; };
/* End PBXFileReference section */

/* Begin PBXFrameworksBuildPhase section */
		C363BE1823B3C0CB001776D9 /* Frameworks */ = {
			isa = PBXFrameworksBuildPhase;
			buildActionMask = 2147483647;
			files = (
				FF1F19B1338B5DF3919F394F /* Pods_Rubyfull.framework in Frameworks */,
			);
			runOnlyForDeploymentPostprocessing = 0;
		};
		C363BE2E23B3C0CD001776D9 /* Frameworks */ = {
			isa = PBXFrameworksBuildPhase;
			buildActionMask = 2147483647;
			files = (
				7D3F3649BE3154BAD641D886 /* Pods_RubyfullTests.framework in Frameworks */,
			);
			runOnlyForDeploymentPostprocessing = 0;
		};
		C363BE3923B3C0CD001776D9 /* Frameworks */ = {
			isa = PBXFrameworksBuildPhase;
			buildActionMask = 2147483647;
			files = (
				7CC0C723BB58EDB2330E1625 /* Pods_RubyfullUITests.framework in Frameworks */,
			);
			runOnlyForDeploymentPostprocessing = 0;
		};
/* End PBXFrameworksBuildPhase section */

/* Begin PBXGroup section */
		535903EB451D176112E70C08 /* Pods */ = {
			isa = PBXGroup;
			children = (
				B0774241D898ACD563552AF2 /* Pods-Rubyfull.debug.xcconfig */,
				3B5EC9046046BB910B790F44 /* Pods-Rubyfull.release.xcconfig */,
				47FE29A52DA6DD76187C201C /* Pods-RubyfullTests.debug.xcconfig */,
				F6046265B1EEC453DF1974D2 /* Pods-RubyfullTests.release.xcconfig */,
				F78931F87E7D9F005DAE3DE1 /* Pods-RubyfullUITests.debug.xcconfig */,
				D1850E196200A36319903B7B /* Pods-RubyfullUITests.release.xcconfig */,
			);
			path = Pods;
			sourceTree = "<group>";
		};
		5A9CF776A1BD4072F1FB35A4 /* Frameworks */ = {
			isa = PBXGroup;
			children = (
				01EE997A2FF8C5B506559E77 /* Pods_Rubyfull.framework */,
				419BA027FAC962FDBBFBFD88 /* Pods_RubyfullTests.framework */,
				CB364C7A8C7F398217C43D60 /* Pods_RubyfullUITests.framework */,
			);
			name = Frameworks;
			sourceTree = "<group>";
		};
		C363BE1223B3C0CB001776D9 = {
			isa = PBXGroup;
			children = (
				C363BE1D23B3C0CB001776D9 /* Rubyfull */,
				C363BE3423B3C0CD001776D9 /* RubyfullTests */,
				C363BE3F23B3C0CD001776D9 /* RubyfullUITests */,
				C363BE1C23B3C0CB001776D9 /* Products */,
				535903EB451D176112E70C08 /* Pods */,
				5A9CF776A1BD4072F1FB35A4 /* Frameworks */,
			);
			sourceTree = "<group>";
		};
		C363BE1C23B3C0CB001776D9 /* Products */ = {
			isa = PBXGroup;
			children = (
				C363BE1B23B3C0CB001776D9 /* Rubyfull.app */,
				C363BE3123B3C0CD001776D9 /* RubyfullTests.xctest */,
				C363BE3C23B3C0CD001776D9 /* RubyfullUITests.xctest */,
			);
			name = Products;
			sourceTree = "<group>";
		};
		C363BE1D23B3C0CB001776D9 /* Rubyfull */ = {
			isa = PBXGroup;
			children = (
				C363BE2C23B3C0CD001776D9 /* Info.plist */,
				C363BE5123B3C224001776D9 /* Others */,
				C363BE5023B3C21D001776D9 /* Controller */,
				C363BE4F23B3C216001776D9 /* View */,
				C363BE4E23B3C210001776D9 /* Model */,
			);
			path = Rubyfull;
			sourceTree = "<group>";
		};
		C363BE3423B3C0CD001776D9 /* RubyfullTests */ = {
			isa = PBXGroup;
			children = (
				C363BE3523B3C0CD001776D9 /* RubyfullTests.swift */,
				C363BE3723B3C0CD001776D9 /* Info.plist */,
			);
			path = RubyfullTests;
			sourceTree = "<group>";
		};
		C363BE3F23B3C0CD001776D9 /* RubyfullUITests */ = {
			isa = PBXGroup;
			children = (
				C363BE4023B3C0CD001776D9 /* RubyfullUITests.swift */,
				C363BE4223B3C0CD001776D9 /* Info.plist */,
			);
			path = RubyfullUITests;
			sourceTree = "<group>";
		};
		C363BE4E23B3C210001776D9 /* Model */ = {
			isa = PBXGroup;
			children = (
				C363BE5223B3C254001776D9 /* TextDataModel.swift */,
				C363BE5423B3C26A001776D9 /* Constants.swift */,
				C363BE5723B3C292001776D9 /* APIClient.swift */,
			);
			path = Model;
			sourceTree = "<group>";
		};
		C363BE4F23B3C216001776D9 /* View */ = {
			isa = PBXGroup;
			children = (
				C363BE2423B3C0CB001776D9 /* Main.storyboard */,
			);
			path = View;
			sourceTree = "<group>";
		};
		C363BE5023B3C21D001776D9 /* Controller */ = {
			isa = PBXGroup;
			children = (
				C363BE2223B3C0CB001776D9 /* MainViewController.swift */,
				C32CA4CF23BA0DBF00089FD8 /* ResultViewController.swift */,
			);
			path = Controller;
			sourceTree = "<group>";
		};
		C363BE5123B3C224001776D9 /* Others */ = {
			isa = PBXGroup;
			children = (
				C363BE1E23B3C0CB001776D9 /* AppDelegate.swift */,
				C363BE2023B3C0CB001776D9 /* SceneDelegate.swift */,
				C363BE2723B3C0CD001776D9 /* Assets.xcassets */,
				C363BE2923B3C0CD001776D9 /* LaunchScreen.storyboard */,
			);
			path = Others;
			sourceTree = "<group>";
		};
/* End PBXGroup section */

/* Begin PBXNativeTarget section */
		C363BE1A23B3C0CB001776D9 /* Rubyfull */ = {
			isa = PBXNativeTarget;
			buildConfigurationList = C363BE4523B3C0CD001776D9 /* Build configuration list for PBXNativeTarget "Rubyfull" */;
			buildPhases = (
				122CB46489FB0214F6DB9463 /* [CP] Check Pods Manifest.lock */,
				C363BE1723B3C0CB001776D9 /* Sources */,
				C363BE1823B3C0CB001776D9 /* Frameworks */,
				C363BE1923B3C0CB001776D9 /* Resources */,
				FB57C625B9E313DD06B7BE74 /* [CP] Embed Pods Frameworks */,
				C363BE5C23B7B30A001776D9 /* ShellScript */,
			);
			buildRules = (
			);
			dependencies = (
			);
			name = Rubyfull;
			productName = Rubyfull;
			productReference = C363BE1B23B3C0CB001776D9 /* Rubyfull.app */;
			productType = "com.apple.product-type.application";
		};
		C363BE3023B3C0CD001776D9 /* RubyfullTests */ = {
			isa = PBXNativeTarget;
			buildConfigurationList = C363BE4823B3C0CD001776D9 /* Build configuration list for PBXNativeTarget "RubyfullTests" */;
			buildPhases = (
				29FEB3FA6BEE12D85A4E260E /* [CP] Check Pods Manifest.lock */,
				C363BE2D23B3C0CD001776D9 /* Sources */,
				C363BE2E23B3C0CD001776D9 /* Frameworks */,
				C363BE2F23B3C0CD001776D9 /* Resources */,
			);
			buildRules = (
			);
			dependencies = (
				C363BE3323B3C0CD001776D9 /* PBXTargetDependency */,
			);
			name = RubyfullTests;
			productName = RubyfullTests;
			productReference = C363BE3123B3C0CD001776D9 /* RubyfullTests.xctest */;
			productType = "com.apple.product-type.bundle.unit-test";
		};
		C363BE3B23B3C0CD001776D9 /* RubyfullUITests */ = {
			isa = PBXNativeTarget;
			buildConfigurationList = C363BE4B23B3C0CD001776D9 /* Build configuration list for PBXNativeTarget "RubyfullUITests" */;
			buildPhases = (
				2B32B48B41AF55382D8BBCAE /* [CP] Check Pods Manifest.lock */,
				C363BE3823B3C0CD001776D9 /* Sources */,
				C363BE3923B3C0CD001776D9 /* Frameworks */,
				C363BE3A23B3C0CD001776D9 /* Resources */,
			);
			buildRules = (
			);
			dependencies = (
				C363BE3E23B3C0CD001776D9 /* PBXTargetDependency */,
			);
			name = RubyfullUITests;
			productName = RubyfullUITests;
			productReference = C363BE3C23B3C0CD001776D9 /* RubyfullUITests.xctest */;
			productType = "com.apple.product-type.bundle.ui-testing";
		};
/* End PBXNativeTarget section */

/* Begin PBXProject section */
		C363BE1323B3C0CB001776D9 /* Project object */ = {
			isa = PBXProject;
			attributes = {
				LastSwiftUpdateCheck = 1130;
				LastUpgradeCheck = 1130;
				ORGANIZATIONNAME = "yuki fushinuki";
				TargetAttributes = {
					C363BE1A23B3C0CB001776D9 = {
						CreatedOnToolsVersion = 11.3;
					};
					C363BE3023B3C0CD001776D9 = {
						CreatedOnToolsVersion = 11.3;
						TestTargetID = C363BE1A23B3C0CB001776D9;
					};
					C363BE3B23B3C0CD001776D9 = {
						CreatedOnToolsVersion = 11.3;
						TestTargetID = C363BE1A23B3C0CB001776D9;
					};
				};
			};
			buildConfigurationList = C363BE1623B3C0CB001776D9 /* Build configuration list for PBXProject "Rubyfull" */;
			compatibilityVersion = "Xcode 9.3";
			developmentRegion = en;
			hasScannedForEncodings = 0;
			knownRegions = (
				en,
				Base,
			);
			mainGroup = C363BE1223B3C0CB001776D9;
			productRefGroup = C363BE1C23B3C0CB001776D9 /* Products */;
			projectDirPath = "";
			projectRoot = "";
			targets = (
				C363BE1A23B3C0CB001776D9 /* Rubyfull */,
				C363BE3023B3C0CD001776D9 /* RubyfullTests */,
				C363BE3B23B3C0CD001776D9 /* RubyfullUITests */,
			);
		};
/* End PBXProject section */

/* Begin PBXResourcesBuildPhase section */
		C363BE1923B3C0CB001776D9 /* Resources */ = {
			isa = PBXResourcesBuildPhase;
			buildActionMask = 2147483647;
			files = (
				C363BE2B23B3C0CD001776D9 /* LaunchScreen.storyboard in Resources */,
				C363BE2823B3C0CD001776D9 /* Assets.xcassets in Resources */,
				C363BE2623B3C0CB001776D9 /* Main.storyboard in Resources */,
			);
			runOnlyForDeploymentPostprocessing = 0;
		};
		C363BE2F23B3C0CD001776D9 /* Resources */ = {
			isa = PBXResourcesBuildPhase;
			buildActionMask = 2147483647;
			files = (
			);
			runOnlyForDeploymentPostprocessing = 0;
		};
		C363BE3A23B3C0CD001776D9 /* Resources */ = {
			isa = PBXResourcesBuildPhase;
			buildActionMask = 2147483647;
			files = (
			);
			runOnlyForDeploymentPostprocessing = 0;
		};
/* End PBXResourcesBuildPhase section */

/* Begin PBXShellScriptBuildPhase section */
		122CB46489FB0214F6DB9463 /* [CP] Check Pods Manifest.lock */ = {
			isa = PBXShellScriptBuildPhase;
			buildActionMask = 2147483647;
			files = (
			);
			inputFileListPaths = (
			);
			inputPaths = (
				"${PODS_PODFILE_DIR_PATH}/Podfile.lock",
				"${PODS_ROOT}/Manifest.lock",
			);
			name = "[CP] Check Pods Manifest.lock";
			outputFileListPaths = (
			);
			outputPaths = (
				"$(DERIVED_FILE_DIR)/Pods-Rubyfull-checkManifestLockResult.txt",
			);
			runOnlyForDeploymentPostprocessing = 0;
			shellPath = /bin/sh;
			shellScript = "diff \"${PODS_PODFILE_DIR_PATH}/Podfile.lock\" \"${PODS_ROOT}/Manifest.lock\" > /dev/null\nif [ $? != 0 ] ; then\n    # print error to STDERR\n    echo \"error: The sandbox is not in sync with the Podfile.lock. Run 'pod install' or update your CocoaPods installation.\" >&2\n    exit 1\nfi\n# This output is used by Xcode 'outputs' to avoid re-running this script phase.\necho \"SUCCESS\" > \"${SCRIPT_OUTPUT_FILE_0}\"\n";
			showEnvVarsInLog = 0;
		};
		29FEB3FA6BEE12D85A4E260E /* [CP] Check Pods Manifest.lock */ = {
			isa = PBXShellScriptBuildPhase;
			buildActionMask = 2147483647;
			files = (
			);
			inputFileListPaths = (
			);
			inputPaths = (
				"${PODS_PODFILE_DIR_PATH}/Podfile.lock",
				"${PODS_ROOT}/Manifest.lock",
			);
			name = "[CP] Check Pods Manifest.lock";
			outputFileListPaths = (
			);
			outputPaths = (
				"$(DERIVED_FILE_DIR)/Pods-RubyfullTests-checkManifestLockResult.txt",
			);
			runOnlyForDeploymentPostprocessing = 0;
			shellPath = /bin/sh;
			shellScript = "diff \"${PODS_PODFILE_DIR_PATH}/Podfile.lock\" \"${PODS_ROOT}/Manifest.lock\" > /dev/null\nif [ $? != 0 ] ; then\n    # print error to STDERR\n    echo \"error: The sandbox is not in sync with the Podfile.lock. Run 'pod install' or update your CocoaPods installation.\" >&2\n    exit 1\nfi\n# This output is used by Xcode 'outputs' to avoid re-running this script phase.\necho \"SUCCESS\" > \"${SCRIPT_OUTPUT_FILE_0}\"\n";
			showEnvVarsInLog = 0;
		};
		2B32B48B41AF55382D8BBCAE /* [CP] Check Pods Manifest.lock */ = {
			isa = PBXShellScriptBuildPhase;
			buildActionMask = 2147483647;
			files = (
			);
			inputFileListPaths = (
			);
			inputPaths = (
				"${PODS_PODFILE_DIR_PATH}/Podfile.lock",
				"${PODS_ROOT}/Manifest.lock",
			);
			name = "[CP] Check Pods Manifest.lock";
			outputFileListPaths = (
			);
			outputPaths = (
				"$(DERIVED_FILE_DIR)/Pods-RubyfullUITests-checkManifestLockResult.txt",
			);
			runOnlyForDeploymentPostprocessing = 0;
			shellPath = /bin/sh;
			shellScript = "diff \"${PODS_PODFILE_DIR_PATH}/Podfile.lock\" \"${PODS_ROOT}/Manifest.lock\" > /dev/null\nif [ $? != 0 ] ; then\n    # print error to STDERR\n    echo \"error: The sandbox is not in sync with the Podfile.lock. Run 'pod install' or update your CocoaPods installation.\" >&2\n    exit 1\nfi\n# This output is used by Xcode 'outputs' to avoid re-running this script phase.\necho \"SUCCESS\" > \"${SCRIPT_OUTPUT_FILE_0}\"\n";
			showEnvVarsInLog = 0;
		};
		C363BE5C23B7B30A001776D9 /* ShellScript */ = {
			isa = PBXShellScriptBuildPhase;
			buildActionMask = 2147483647;
			files = (
			);
			inputFileListPaths = (
			);
			inputPaths = (
			);
			outputFileListPaths = (
			);
			outputPaths = (
			);
			runOnlyForDeploymentPostprocessing = 0;
			shellPath = /bin/sh;
			shellScript = "if which swiftlint >/dev/null; then\n  swiftlint autocorrect --format\n  swiftlint\nelse\n  echo \"warning: SwiftLint not installed, download from https://github.com/realm/SwiftLint\"\nfi\n";
		};
		FB57C625B9E313DD06B7BE74 /* [CP] Embed Pods Frameworks */ = {
			isa = PBXShellScriptBuildPhase;
			buildActionMask = 2147483647;
			files = (
			);
			inputFileListPaths = (
				"${PODS_ROOT}/Target Support Files/Pods-Rubyfull/Pods-Rubyfull-frameworks-${CONFIGURATION}-input-files.xcfilelist",
			);
			name = "[CP] Embed Pods Frameworks";
			outputFileListPaths = (
				"${PODS_ROOT}/Target Support Files/Pods-Rubyfull/Pods-Rubyfull-frameworks-${CONFIGURATION}-output-files.xcfilelist",
			);
			runOnlyForDeploymentPostprocessing = 0;
			shellPath = /bin/sh;
			shellScript = "\"${PODS_ROOT}/Target Support Files/Pods-Rubyfull/Pods-Rubyfull-frameworks.sh\"\n";
			showEnvVarsInLog = 0;
		};
/* End PBXShellScriptBuildPhase section */

/* Begin PBXSourcesBuildPhase section */
		C363BE1723B3C0CB001776D9 /* Sources */ = {
			isa = PBXSourcesBuildPhase;
			buildActionMask = 2147483647;
			files = (
				C363BE5523B3C26A001776D9 /* Constants.swift in Sources */,
				C363BE2323B3C0CB001776D9 /* MainViewController.swift in Sources */,
				C32CA4D023BA0DBF00089FD8 /* ResultViewController.swift in Sources */,
				C363BE1F23B3C0CB001776D9 /* AppDelegate.swift in Sources */,
				C363BE5323B3C254001776D9 /* TextDataModel.swift in Sources */,
				C363BE2123B3C0CB001776D9 /* SceneDelegate.swift in Sources */,
				C363BE5823B3C292001776D9 /* APIClient.swift in Sources */,
			);
			runOnlyForDeploymentPostprocessing = 0;
		};
		C363BE2D23B3C0CD001776D9 /* Sources */ = {
			isa = PBXSourcesBuildPhase;
			buildActionMask = 2147483647;
			files = (
				C363BE3623B3C0CD001776D9 /* RubyfullTests.swift in Sources */,
			);
			runOnlyForDeploymentPostprocessing = 0;
		};
		C363BE3823B3C0CD001776D9 /* Sources */ = {
			isa = PBXSourcesBuildPhase;
			buildActionMask = 2147483647;
			files = (
				C363BE4123B3C0CD001776D9 /* RubyfullUITests.swift in Sources */,
			);
			runOnlyForDeploymentPostprocessing = 0;
		};
/* End PBXSourcesBuildPhase section */

/* Begin PBXTargetDependency section */
		C363BE3323B3C0CD001776D9 /* PBXTargetDependency */ = {
			isa = PBXTargetDependency;
			target = C363BE1A23B3C0CB001776D9 /* Rubyfull */;
			targetProxy = C363BE3223B3C0CD001776D9 /* PBXContainerItemProxy */;
		};
		C363BE3E23B3C0CD001776D9 /* PBXTargetDependency */ = {
			isa = PBXTargetDependency;
			target = C363BE1A23B3C0CB001776D9 /* Rubyfull */;
			targetProxy = C363BE3D23B3C0CD001776D9 /* PBXContainerItemProxy */;
		};
/* End PBXTargetDependency section */

/* Begin PBXVariantGroup section */
		C363BE2423B3C0CB001776D9 /* Main.storyboard */ = {
			isa = PBXVariantGroup;
			children = (
				C363BE2523B3C0CB001776D9 /* Base */,
			);
			name = Main.storyboard;
			sourceTree = "<group>";
		};
		C363BE2923B3C0CD001776D9 /* LaunchScreen.storyboard */ = {
			isa = PBXVariantGroup;
			children = (
				C363BE2A23B3C0CD001776D9 /* Base */,
			);
			name = LaunchScreen.storyboard;
			sourceTree = "<group>";
		};
/* End PBXVariantGroup section */

/* Begin XCBuildConfiguration section */
		C363BE4323B3C0CD001776D9 /* Debug */ = {
			isa = XCBuildConfiguration;
			buildSettings = {
				ALWAYS_SEARCH_USER_PATHS = NO;
				CLANG_ANALYZER_NONNULL = YES;
				CLANG_ANALYZER_NUMBER_OBJECT_CONVERSION = YES_AGGRESSIVE;
				CLANG_CXX_LANGUAGE_STANDARD = "gnu++14";
				CLANG_CXX_LIBRARY = "libc++";
				CLANG_ENABLE_MODULES = YES;
				CLANG_ENABLE_OBJC_ARC = YES;
				CLANG_ENABLE_OBJC_WEAK = YES;
				CLANG_WARN_BLOCK_CAPTURE_AUTORELEASING = YES;
				CLANG_WARN_BOOL_CONVERSION = YES;
				CLANG_WARN_COMMA = YES;
				CLANG_WARN_CONSTANT_CONVERSION = YES;
				CLANG_WARN_DEPRECATED_OBJC_IMPLEMENTATIONS = YES;
				CLANG_WARN_DIRECT_OBJC_ISA_USAGE = YES_ERROR;
				CLANG_WARN_DOCUMENTATION_COMMENTS = YES;
				CLANG_WARN_EMPTY_BODY = YES;
				CLANG_WARN_ENUM_CONVERSION = YES;
				CLANG_WARN_INFINITE_RECURSION = YES;
				CLANG_WARN_INT_CONVERSION = YES;
				CLANG_WARN_NON_LITERAL_NULL_CONVERSION = YES;
				CLANG_WARN_OBJC_IMPLICIT_RETAIN_SELF = YES;
				CLANG_WARN_OBJC_LITERAL_CONVERSION = YES;
				CLANG_WARN_OBJC_ROOT_CLASS = YES_ERROR;
				CLANG_WARN_RANGE_LOOP_ANALYSIS = YES;
				CLANG_WARN_STRICT_PROTOTYPES = YES;
				CLANG_WARN_SUSPICIOUS_MOVE = YES;
				CLANG_WARN_UNGUARDED_AVAILABILITY = YES_AGGRESSIVE;
				CLANG_WARN_UNREACHABLE_CODE = YES;
				CLANG_WARN__DUPLICATE_METHOD_MATCH = YES;
				COPY_PHASE_STRIP = NO;
				DEBUG_INFORMATION_FORMAT = dwarf;
				ENABLE_STRICT_OBJC_MSGSEND = YES;
				ENABLE_TESTABILITY = YES;
				GCC_C_LANGUAGE_STANDARD = gnu11;
				GCC_DYNAMIC_NO_PIC = NO;
				GCC_NO_COMMON_BLOCKS = YES;
				GCC_OPTIMIZATION_LEVEL = 0;
				GCC_PREPROCESSOR_DEFINITIONS = (
					"DEBUG=1",
					"$(inherited)",
				);
				GCC_WARN_64_TO_32_BIT_CONVERSION = YES;
				GCC_WARN_ABOUT_RETURN_TYPE = YES_ERROR;
				GCC_WARN_UNDECLARED_SELECTOR = YES;
				GCC_WARN_UNINITIALIZED_AUTOS = YES_AGGRESSIVE;
				GCC_WARN_UNUSED_FUNCTION = YES;
				GCC_WARN_UNUSED_VARIABLE = YES;
				IPHONEOS_DEPLOYMENT_TARGET = 13.2;
				MTL_ENABLE_DEBUG_INFO = INCLUDE_SOURCE;
				MTL_FAST_MATH = YES;
				ONLY_ACTIVE_ARCH = YES;
				SDKROOT = iphoneos;
				SWIFT_ACTIVE_COMPILATION_CONDITIONS = DEBUG;
				SWIFT_OPTIMIZATION_LEVEL = "-Onone";
			};
			name = Debug;
		};
		C363BE4423B3C0CD001776D9 /* Release */ = {
			isa = XCBuildConfiguration;
			buildSettings = {
				ALWAYS_SEARCH_USER_PATHS = NO;
				CLANG_ANALYZER_NONNULL = YES;
				CLANG_ANALYZER_NUMBER_OBJECT_CONVERSION = YES_AGGRESSIVE;
				CLANG_CXX_LANGUAGE_STANDARD = "gnu++14";
				CLANG_CXX_LIBRARY = "libc++";
				CLANG_ENABLE_MODULES = YES;
				CLANG_ENABLE_OBJC_ARC = YES;
				CLANG_ENABLE_OBJC_WEAK = YES;
				CLANG_WARN_BLOCK_CAPTURE_AUTORELEASING = YES;
				CLANG_WARN_BOOL_CONVERSION = YES;
				CLANG_WARN_COMMA = YES;
				CLANG_WARN_CONSTANT_CONVERSION = YES;
				CLANG_WARN_DEPRECATED_OBJC_IMPLEMENTATIONS = YES;
				CLANG_WARN_DIRECT_OBJC_ISA_USAGE = YES_ERROR;
				CLANG_WARN_DOCUMENTATION_COMMENTS = YES;
				CLANG_WARN_EMPTY_BODY = YES;
				CLANG_WARN_ENUM_CONVERSION = YES;
				CLANG_WARN_INFINITE_RECURSION = YES;
				CLANG_WARN_INT_CONVERSION = YES;
				CLANG_WARN_NON_LITERAL_NULL_CONVERSION = YES;
				CLANG_WARN_OBJC_IMPLICIT_RETAIN_SELF = YES;
				CLANG_WARN_OBJC_LITERAL_CONVERSION = YES;
				CLANG_WARN_OBJC_ROOT_CLASS = YES_ERROR;
				CLANG_WARN_RANGE_LOOP_ANALYSIS = YES;
				CLANG_WARN_STRICT_PROTOTYPES = YES;
				CLANG_WARN_SUSPICIOUS_MOVE = YES;
				CLANG_WARN_UNGUARDED_AVAILABILITY = YES_AGGRESSIVE;
				CLANG_WARN_UNREACHABLE_CODE = YES;
				CLANG_WARN__DUPLICATE_METHOD_MATCH = YES;
				COPY_PHASE_STRIP = NO;
				DEBUG_INFORMATION_FORMAT = "dwarf-with-dsym";
				ENABLE_NS_ASSERTIONS = NO;
				ENABLE_STRICT_OBJC_MSGSEND = YES;
				GCC_C_LANGUAGE_STANDARD = gnu11;
				GCC_NO_COMMON_BLOCKS = YES;
				GCC_WARN_64_TO_32_BIT_CONVERSION = YES;
				GCC_WARN_ABOUT_RETURN_TYPE = YES_ERROR;
				GCC_WARN_UNDECLARED_SELECTOR = YES;
				GCC_WARN_UNINITIALIZED_AUTOS = YES_AGGRESSIVE;
				GCC_WARN_UNUSED_FUNCTION = YES;
				GCC_WARN_UNUSED_VARIABLE = YES;
				IPHONEOS_DEPLOYMENT_TARGET = 13.2;
				MTL_ENABLE_DEBUG_INFO = NO;
				MTL_FAST_MATH = YES;
				SDKROOT = iphoneos;
				SWIFT_COMPILATION_MODE = wholemodule;
				SWIFT_OPTIMIZATION_LEVEL = "-O";
				VALIDATE_PRODUCT = YES;
			};
			name = Release;
		};
		C363BE4623B3C0CD001776D9 /* Debug */ = {
			isa = XCBuildConfiguration;
			baseConfigurationReference = B0774241D898ACD563552AF2 /* Pods-Rubyfull.debug.xcconfig */;
			buildSettings = {
				ASSETCATALOG_COMPILER_APPICON_NAME = AppIcon;
				CODE_SIGN_STYLE = Automatic;
				DEVELOPMENT_TEAM = 745SLXVGDN;
				INFOPLIST_FILE = Rubyfull/Info.plist;
				IPHONEOS_DEPLOYMENT_TARGET = 13.0;
				LD_RUNPATH_SEARCH_PATHS = (
					"$(inherited)",
					"@executable_path/Frameworks",
				);
				PRODUCT_BUNDLE_IDENTIFIER = oimo23.Rubyfull;
				PRODUCT_NAME = "$(TARGET_NAME)";
				SWIFT_VERSION = 5.0;
				TARGETED_DEVICE_FAMILY = "1,2";
			};
			name = Debug;
		};
		C363BE4723B3C0CD001776D9 /* Release */ = {
			isa = XCBuildConfiguration;
			baseConfigurationReference = 3B5EC9046046BB910B790F44 /* Pods-Rubyfull.release.xcconfig */;
			buildSettings = {
				ASSETCATALOG_COMPILER_APPICON_NAME = AppIcon;
				CODE_SIGN_STYLE = Automatic;
				DEVELOPMENT_TEAM = 745SLXVGDN;
				INFOPLIST_FILE = Rubyfull/Info.plist;
				IPHONEOS_DEPLOYMENT_TARGET = 13.0;
				LD_RUNPATH_SEARCH_PATHS = (
					"$(inherited)",
					"@executable_path/Frameworks",
				);
				PRODUCT_BUNDLE_IDENTIFIER = oimo23.Rubyfull;
				PRODUCT_NAME = "$(TARGET_NAME)";
				SWIFT_VERSION = 5.0;
				TARGETED_DEVICE_FAMILY = "1,2";
			};
			name = Release;
		};
		C363BE4923B3C0CD001776D9 /* Debug */ = {
			isa = XCBuildConfiguration;
			baseConfigurationReference = 47FE29A52DA6DD76187C201C /* Pods-RubyfullTests.debug.xcconfig */;
			buildSettings = {
				ALWAYS_EMBED_SWIFT_STANDARD_LIBRARIES = YES;
				BUNDLE_LOADER = "$(TEST_HOST)";
				CODE_SIGN_STYLE = Automatic;
				DEVELOPMENT_TEAM = 745SLXVGDN;
				INFOPLIST_FILE = RubyfullTests/Info.plist;
				IPHONEOS_DEPLOYMENT_TARGET = 13.2;
				LD_RUNPATH_SEARCH_PATHS = (
					"$(inherited)",
					"@executable_path/Frameworks",
					"@loader_path/Frameworks",
				);
				PRODUCT_BUNDLE_IDENTIFIER = oimo23.RubyfullTests;
				PRODUCT_NAME = "$(TARGET_NAME)";
				SWIFT_VERSION = 5.0;
				TARGETED_DEVICE_FAMILY = "1,2";
				TEST_HOST = "$(BUILT_PRODUCTS_DIR)/Rubyfull.app/Rubyfull";
			};
			name = Debug;
		};
		C363BE4A23B3C0CD001776D9 /* Release */ = {
			isa = XCBuildConfiguration;
			baseConfigurationReference = F6046265B1EEC453DF1974D2 /* Pods-RubyfullTests.release.xcconfig */;
			buildSettings = {
				ALWAYS_EMBED_SWIFT_STANDARD_LIBRARIES = YES;
				BUNDLE_LOADER = "$(TEST_HOST)";
				CODE_SIGN_STYLE = Automatic;
				DEVELOPMENT_TEAM = 745SLXVGDN;
				INFOPLIST_FILE = RubyfullTests/Info.plist;
				IPHONEOS_DEPLOYMENT_TARGET = 13.2;
				LD_RUNPATH_SEARCH_PATHS = (
					"$(inherited)",
					"@executable_path/Frameworks",
					"@loader_path/Frameworks",
				);
				PRODUCT_BUNDLE_IDENTIFIER = oimo23.RubyfullTests;
				PRODUCT_NAME = "$(TARGET_NAME)";
				SWIFT_VERSION = 5.0;
				TARGETED_DEVICE_FAMILY = "1,2";
				TEST_HOST = "$(BUILT_PRODUCTS_DIR)/Rubyfull.app/Rubyfull";
			};
			name = Release;
		};
		C363BE4C23B3C0CD001776D9 /* Debug */ = {
			isa = XCBuildConfiguration;
			baseConfigurationReference = F78931F87E7D9F005DAE3DE1 /* Pods-RubyfullUITests.debug.xcconfig */;
			buildSettings = {
				ALWAYS_EMBED_SWIFT_STANDARD_LIBRARIES = YES;
				CODE_SIGN_STYLE = Automatic;
				DEVELOPMENT_TEAM = 745SLXVGDN;
				INFOPLIST_FILE = RubyfullUITests/Info.plist;
				LD_RUNPATH_SEARCH_PATHS = (
					"$(inherited)",
					"@executable_path/Frameworks",
					"@loader_path/Frameworks",
				);
				PRODUCT_BUNDLE_IDENTIFIER = oimo23.RubyfullUITests;
				PRODUCT_NAME = "$(TARGET_NAME)";
				SWIFT_VERSION = 5.0;
				TARGETED_DEVICE_FAMILY = "1,2";
				TEST_TARGET_NAME = Rubyfull;
			};
			name = Debug;
		};
		C363BE4D23B3C0CD001776D9 /* Release */ = {
			isa = XCBuildConfiguration;
			baseConfigurationReference = D1850E196200A36319903B7B /* Pods-RubyfullUITests.release.xcconfig */;
			buildSettings = {
				ALWAYS_EMBED_SWIFT_STANDARD_LIBRARIES = YES;
				CODE_SIGN_STYLE = Automatic;
				DEVELOPMENT_TEAM = 745SLXVGDN;
				INFOPLIST_FILE = RubyfullUITests/Info.plist;
				LD_RUNPATH_SEARCH_PATHS = (
					"$(inherited)",
					"@executable_path/Frameworks",
					"@loader_path/Frameworks",
				);
				PRODUCT_BUNDLE_IDENTIFIER = oimo23.RubyfullUITests;
				PRODUCT_NAME = "$(TARGET_NAME)";
				SWIFT_VERSION = 5.0;
				TARGETED_DEVICE_FAMILY = "1,2";
				TEST_TARGET_NAME = Rubyfull;
			};
			name = Release;
		};
/* End XCBuildConfiguration section */

/* Begin XCConfigurationList section */
		C363BE1623B3C0CB001776D9 /* Build configuration list for PBXProject "Rubyfull" */ = {
			isa = XCConfigurationList;
			buildConfigurations = (
				C363BE4323B3C0CD001776D9 /* Debug */,
				C363BE4423B3C0CD001776D9 /* Release */,
			);
			defaultConfigurationIsVisible = 0;
			defaultConfigurationName = Release;
		};
		C363BE4523B3C0CD001776D9 /* Build configuration list for PBXNativeTarget "Rubyfull" */ = {
			isa = XCConfigurationList;
			buildConfigurations = (
				C363BE4623B3C0CD001776D9 /* Debug */,
				C363BE4723B3C0CD001776D9 /* Release */,
			);
			defaultConfigurationIsVisible = 0;
			defaultConfigurationName = Release;
		};
		C363BE4823B3C0CD001776D9 /* Build configuration list for PBXNativeTarget "RubyfullTests" */ = {
			isa = XCConfigurationList;
			buildConfigurations = (
				C363BE4923B3C0CD001776D9 /* Debug */,
				C363BE4A23B3C0CD001776D9 /* Release */,
			);
			defaultConfigurationIsVisible = 0;
			defaultConfigurationName = Release;
		};
		C363BE4B23B3C0CD001776D9 /* Build configuration list for PBXNativeTarget "RubyfullUITests" */ = {
			isa = XCConfigurationList;
			buildConfigurations = (
				C363BE4C23B3C0CD001776D9 /* Debug */,
				C363BE4D23B3C0CD001776D9 /* Release */,
			);
			defaultConfigurationIsVisible = 0;
			defaultConfigurationName = Release;
		};
/* End XCConfigurationList section */
	};
	rootObject = C363BE1323B3C0CB001776D9 /* Project object */;
}
